// !$*UTF8*$!
{
	archiveVersion = 1;
	classes = {
	};
	objectVersion = 46;
	objects = {

/* Begin PBXBuildFile section */
		6FA93D161DC283F300C8DA70 /* AppDelegate.swift in Sources */ = {isa = PBXBuildFile; fileRef = 6FA93D151DC283F300C8DA70 /* AppDelegate.swift */; };
		6FA93D181DC283F300C8DA70 /* ViewController.swift in Sources */ = {isa = PBXBuildFile; fileRef = 6FA93D171DC283F300C8DA70 /* ViewController.swift */; };
		6FA93D1B1DC283F300C8DA70 /* Main.storyboard in Resources */ = {isa = PBXBuildFile; fileRef = 6FA93D191DC283F300C8DA70 /* Main.storyboard */; };
		6FA93D1D1DC283F300C8DA70 /* Assets.xcassets in Resources */ = {isa = PBXBuildFile; fileRef = 6FA93D1C1DC283F300C8DA70 /* Assets.xcassets */; };
		6FA93D201DC283F300C8DA70 /* LaunchScreen.storyboard in Resources */ = {isa = PBXBuildFile; fileRef = 6FA93D1E1DC283F300C8DA70 /* LaunchScreen.storyboard */; };
		6FA93D2B1DC283F300C8DA70 /* FirstAppTests.swift in Sources */ = {isa = PBXBuildFile; fileRef = 6FA93D2A1DC283F300C8DA70 /* FirstAppTests.swift */; };
		6FA93D361DC283F300C8DA70 /* FirstAppUITests.swift in Sources */ = {isa = PBXBuildFile; fileRef = 6FA93D351DC283F300C8DA70 /* FirstAppUITests.swift */; };
/* End PBXBuildFile section */

/* Begin PBXContainerItemProxy section */
		6FA93D271DC283F300C8DA70 /* PBXContainerItemProxy */ = {
			isa = PBXContainerItemProxy;
			containerPortal = 6FA93D0A1DC283F300C8DA70 /* Project object */;
			proxyType = 1;
			remoteGlobalIDString = 6FA93D111DC283F300C8DA70;
			remoteInfo = FirstApp;
		};
		6FA93D321DC283F300C8DA70 /* PBXContainerItemProxy */ = {
			isa = PBXContainerItemProxy;
			containerPortal = 6FA93D0A1DC283F300C8DA70 /* Project object */;
			proxyType = 1;
			remoteGlobalIDString = 6FA93D111DC283F300C8DA70;
			remoteInfo = FirstApp;
		};
/* End PBXContainerItemProxy section */

/* Begin PBXFileReference section */
		6FA93D121DC283F300C8DA70 /* FirstApp.app */ = {isa = PBXFileReference; explicitFileType = wrapper.application; includeInIndex = 0; path = FirstApp.app; sourceTree = BUILT_PRODUCTS_DIR; };
		6FA93D151DC283F300C8DA70 /* AppDelegate.swift */ = {isa = PBXFileReference; lastKnownFileType = sourcecode.swift; path = AppDelegate.swift; sourceTree = "<group>"; };
		6FA93D171DC283F300C8DA70 /* ViewController.swift */ = {isa = PBXFileReference; lastKnownFileType = sourcecode.swift; path = ViewController.swift; sourceTree = "<group>"; };
		6FA93D1A1DC283F300C8DA70 /* Base */ = {isa = PBXFileReference; lastKnownFileType = file.storyboard; name = Base; path = Base.lproj/Main.storyboard; sourceTree = "<group>"; };
		6FA93D1C1DC283F300C8DA70 /* Assets.xcassets */ = {isa = PBXFileReference; lastKnownFileType = folder.assetcatalog; path = Assets.xcassets; sourceTree = "<group>"; };
		6FA93D1F1DC283F300C8DA70 /* Base */ = {isa = PBXFileReference; lastKnownFileType = file.storyboard; name = Base; path = Base.lproj/LaunchScreen.storyboard; sourceTree = "<group>"; };
		6FA93D211DC283F300C8DA70 /* Info.plist */ = {isa = PBXFileReference; lastKnownFileType = text.plist.xml; path = Info.plist; sourceTree = "<group>"; };
		6FA93D261DC283F300C8DA70 /* FirstAppTests.xctest */ = {isa = PBXFileReference; explicitFileType = wrapper.cfbundle; includeInIndex = 0; path = FirstAppTests.xctest; sourceTree = BUILT_PRODUCTS_DIR; };
		6FA93D2A1DC283F300C8DA70 /* FirstAppTests.swift */ = {isa = PBXFileReference; lastKnownFileType = sourcecode.swift; path = FirstAppTests.swift; sourceTree = "<group>"; };
		6FA93D2C1DC283F300C8DA70 /* Info.plist */ = {isa = PBXFileReference; lastKnownFileType = text.plist.xml; path = Info.plist; sourceTree = "<group>"; };
		6FA93D311DC283F300C8DA70 /* FirstAppUITests.xctest */ = {isa = PBXFileReference; explicitFileType = wrapper.cfbundle; includeInIndex = 0; path = FirstAppUITests.xctest; sourceTree = BUILT_PRODUCTS_DIR; };
		6FA93D351DC283F300C8DA70 /* FirstAppUITests.swift */ = {isa = PBXFileReference; lastKnownFileType = sourcecode.swift; path = FirstAppUITests.swift; sourceTree = "<group>"; };
		6FA93D371DC283F300C8DA70 /* Info.plist */ = {isa = PBXFileReference; lastKnownFileType = text.plist.xml; path = Info.plist; sourceTree = "<group>"; };
/* End PBXFileReference section */

/* Begin PBXFrameworksBuildPhase section */
		6FA93D0F1DC283F300C8DA70 /* Frameworks */ = {
			isa = PBXFrameworksBuildPhase;
			buildActionMask = 2147483647;
			files = (
			);
			runOnlyForDeploymentPostprocessing = 0;
		};
		6FA93D231DC283F300C8DA70 /* Frameworks */ = {
			isa = PBXFrameworksBuildPhase;
			buildActionMask = 2147483647;
			files = (
			);
			runOnlyForDeploymentPostprocessing = 0;
		};
		6FA93D2E1DC283F300C8DA70 /* Frameworks */ = {
			isa = PBXFrameworksBuildPhase;
			buildActionMask = 2147483647;
			files = (
			);
			runOnlyForDeploymentPostprocessing = 0;
		};
/* End PBXFrameworksBuildPhase section */

/* Begin PBXGroup section */
		6FA93D091DC283F300C8DA70 = {
			isa = PBXGroup;
			children = (
				6FA93D141DC283F300C8DA70 /* FirstApp */,
				6FA93D291DC283F300C8DA70 /* FirstAppTests */,
				6FA93D341DC283F300C8DA70 /* FirstAppUITests */,
				6FA93D131DC283F300C8DA70 /* Products */,
			);
			sourceTree = "<group>";
		};
		6FA93D131DC283F300C8DA70 /* Products */ = {
			isa = PBXGroup;
			children = (
				6FA93D121DC283F300C8DA70 /* FirstApp.app */,
				6FA93D261DC283F300C8DA70 /* FirstAppTests.xctest */,
				6FA93D311DC283F300C8DA70 /* FirstAppUITests.xctest */,
			);
			name = Products;
			sourceTree = "<group>";
		};
		6FA93D141DC283F300C8DA70 /* FirstApp */ = {
			isa = PBXGroup;
			children = (
				6FA93D151DC283F300C8DA70 /* AppDelegate.swift */,
				6FA93D171DC283F300C8DA70 /* ViewController.swift */,
				6FA93D191DC283F300C8DA70 /* Main.storyboard */,
				6FA93D1C1DC283F300C8DA70 /* Assets.xcassets */,
				6FA93D1E1DC283F300C8DA70 /* LaunchScreen.storyboard */,
				6FA93D211DC283F300C8DA70 /* Info.plist */,
			);
			path = FirstApp;
			sourceTree = "<group>";
		};
		6FA93D291DC283F300C8DA70 /* FirstAppTests */ = {
			isa = PBXGroup;
			children = (
				6FA93D2A1DC283F300C8DA70 /* FirstAppTests.swift */,
				6FA93D2C1DC283F300C8DA70 /* Info.plist */,
			);
			path = FirstAppTests;
			sourceTree = "<group>";
		};
		6FA93D341DC283F300C8DA70 /* FirstAppUITests */ = {
			isa = PBXGroup;
			children = (
				6FA93D351DC283F300C8DA70 /* FirstAppUITests.swift */,
				6FA93D371DC283F300C8DA70 /* Info.plist */,
			);
			path = FirstAppUITests;
			sourceTree = "<group>";
		};
/* End PBXGroup section */

/* Begin PBXNativeTarget section */
		6FA93D111DC283F300C8DA70 /* FirstApp */ = {
			isa = PBXNativeTarget;
			buildConfigurationList = 6FA93D3A1DC283F300C8DA70 /* Build configuration list for PBXNativeTarget "FirstApp" */;
			buildPhases = (
				6FA93D0E1DC283F300C8DA70 /* Sources */,
				6FA93D0F1DC283F300C8DA70 /* Frameworks */,
				6FA93D101DC283F300C8DA70 /* Resources */,
			);
			buildRules = (
			);
			dependencies = (
			);
			name = FirstApp;
			productName = FirstApp;
			productReference = 6FA93D121DC283F300C8DA70 /* FirstApp.app */;
			productType = "com.apple.product-type.application";
		};
		6FA93D251DC283F300C8DA70 /* FirstAppTests */ = {
			isa = PBXNativeTarget;
			buildConfigurationList = 6FA93D3D1DC283F300C8DA70 /* Build configuration list for PBXNativeTarget "FirstAppTests" */;
			buildPhases = (
				6FA93D221DC283F300C8DA70 /* Sources */,
				6FA93D231DC283F300C8DA70 /* Frameworks */,
				6FA93D241DC283F300C8DA70 /* Resources */,
			);
			buildRules = (
			);
			dependencies = (
				6FA93D281DC283F300C8DA70 /* PBXTargetDependency */,
			);
			name = FirstAppTests;
			productName = FirstAppTests;
			productReference = 6FA93D261DC283F300C8DA70 /* FirstAppTests.xctest */;
			productType = "com.apple.product-type.bundle.unit-test";
		};
		6FA93D301DC283F300C8DA70 /* FirstAppUITests */ = {
			isa = PBXNativeTarget;
			buildConfigurationList = 6FA93D401DC283F300C8DA70 /* Build configuration list for PBXNativeTarget "FirstAppUITests" */;
			buildPhases = (
				6FA93D2D1DC283F300C8DA70 /* Sources */,
				6FA93D2E1DC283F300C8DA70 /* Frameworks */,
				6FA93D2F1DC283F300C8DA70 /* Resources */,
			);
			buildRules = (
			);
			dependencies = (
				6FA93D331DC283F300C8DA70 /* PBXTargetDependency */,
			);
			name = FirstAppUITests;
			productName = FirstAppUITests;
			productReference = 6FA93D311DC283F300C8DA70 /* FirstAppUITests.xctest */;
			productType = "com.apple.product-type.bundle.ui-testing";
		};
/* End PBXNativeTarget section */

/* Begin PBXProject section */
		6FA93D0A1DC283F300C8DA70 /* Project object */ = {
			isa = PBXProject;
			attributes = {
				LastSwiftUpdateCheck = 0800;
				LastUpgradeCheck = 0800;
				ORGANIZATIONNAME = Harris;
				TargetAttributes = {
					6FA93D111DC283F300C8DA70 = {
						CreatedOnToolsVersion = 8.0;
						ProvisioningStyle = Automatic;
					};
					6FA93D251DC283F300C8DA70 = {
						CreatedOnToolsVersion = 8.0;
						ProvisioningStyle = Automatic;
						TestTargetID = 6FA93D111DC283F300C8DA70;
					};
					6FA93D301DC283F300C8DA70 = {
						CreatedOnToolsVersion = 8.0;
						ProvisioningStyle = Automatic;
						TestTargetID = 6FA93D111DC283F300C8DA70;
					};
				};
			};
			buildConfigurationList = 6FA93D0D1DC283F300C8DA70 /* Build configuration list for PBXProject "FirstApp" */;
			compatibilityVersion = "Xcode 3.2";
			developmentRegion = English;
			hasScannedForEncodings = 0;
			knownRegions = (
				en,
				Base,
			);
			mainGroup = 6FA93D091DC283F300C8DA70;
			productRefGroup = 6FA93D131DC283F300C8DA70 /* Products */;
			projectDirPath = "";
			projectRoot = "";
			targets = (
				6FA93D111DC283F300C8DA70 /* FirstApp */,
				6FA93D251DC283F300C8DA70 /* FirstAppTests */,
				6FA93D301DC283F300C8DA70 /* FirstAppUITests */,
			);
		};
/* End PBXProject section */

/* Begin PBXResourcesBuildPhase section */
		6FA93D101DC283F300C8DA70 /* Resources */ = {
			isa = PBXResourcesBuildPhase;
			buildActionMask = 2147483647;
			files = (
				6FA93D201DC283F300C8DA70 /* LaunchScreen.storyboard in Resources */,
				6FA93D1D1DC283F300C8DA70 /* Assets.xcassets in Resources */,
				6FA93D1B1DC283F300C8DA70 /* Main.storyboard in Resources */,
			);
			runOnlyForDeploymentPostprocessing = 0;
		};
		6FA93D241DC283F300C8DA70 /* Resources */ = {
			isa = PBXResourcesBuildPhase;
			buildActionMask = 2147483647;
			files = (
			);
			runOnlyForDeploymentPostprocessing = 0;
		};
		6FA93D2F1DC283F300C8DA70 /* Resources */ = {
			isa = PBXResourcesBuildPhase;
			buildActionMask = 2147483647;
			files = (
			);
			runOnlyForDeploymentPostprocessing = 0;
		};
/* End PBXResourcesBuildPhase section */

/* Begin PBXSourcesBuildPhase section */
		6FA93D0E1DC283F300C8DA70 /* Sources */ = {
			isa = PBXSourcesBuildPhase;
			buildActionMask = 2147483647;
			files = (
				6FA93D181DC283F300C8DA70 /* ViewController.swift in Sources */,
				6FA93D161DC283F300C8DA70 /* AppDelegate.swift in Sources */,
			);
			runOnlyForDeploymentPostprocessing = 0;
		};
		6FA93D221DC283F300C8DA70 /* Sources */ = {
			isa = PBXSourcesBuildPhase;
			buildActionMask = 2147483647;
			files = (
				6FA93D2B1DC283F300C8DA70 /* FirstAppTests.swift in Sources */,
			);
			runOnlyForDeploymentPostprocessing = 0;
		};
		6FA93D2D1DC283F300C8DA70 /* Sources */ = {
			isa = PBXSourcesBuildPhase;
			buildActionMask = 2147483647;
			files = (
				6FA93D361DC283F300C8DA70 /* FirstAppUITests.swift in Sources */,
			);
			runOnlyForDeploymentPostprocessing = 0;
		};
/* End PBXSourcesBuildPhase section */

/* Begin PBXTargetDependency section */
		6FA93D281DC283F300C8DA70 /* PBXTargetDependency */ = {
			isa = PBXTargetDependency;
			target = 6FA93D111DC283F300C8DA70 /* FirstApp */;
			targetProxy = 6FA93D271DC283F300C8DA70 /* PBXContainerItemProxy */;
		};
		6FA93D331DC283F300C8DA70 /* PBXTargetDependency */ = {
			isa = PBXTargetDependency;
			target = 6FA93D111DC283F300C8DA70 /* FirstApp */;
			targetProxy = 6FA93D321DC283F300C8DA70 /* PBXContainerItemProxy */;
		};
/* End PBXTargetDependency section */

/* Begin PBXVariantGroup section */
		6FA93D191DC283F300C8DA70 /* Main.storyboard */ = {
			isa = PBXVariantGroup;
			children = (
				6FA93D1A1DC283F300C8DA70 /* Base */,
			);
			name = Main.storyboard;
			sourceTree = "<group>";
		};
		6FA93D1E1DC283F300C8DA70 /* LaunchScreen.storyboard */ = {
			isa = PBXVariantGroup;
			children = (
				6FA93D1F1DC283F300C8DA70 /* Base */,
			);
			name = LaunchScreen.storyboard;
			sourceTree = "<group>";
		};
/* End PBXVariantGroup section */

/* Begin XCBuildConfiguration section */
		6FA93D381DC283F300C8DA70 /* Debug */ = {
			isa = XCBuildConfiguration;
			buildSettings = {
				ALWAYS_SEARCH_USER_PATHS = NO;
				CLANG_ANALYZER_NONNULL = YES;
				CLANG_CXX_LANGUAGE_STANDARD = "gnu++0x";
				CLANG_CXX_LIBRARY = "libc++";
				CLANG_ENABLE_MODULES = YES;
				CLANG_ENABLE_OBJC_ARC = YES;
				CLANG_WARN_BOOL_CONVERSION = YES;
				CLANG_WARN_CONSTANT_CONVERSION = YES;
				CLANG_WARN_DIRECT_OBJC_ISA_USAGE = YES_ERROR;
				CLANG_WARN_DOCUMENTATION_COMMENTS = YES;
				CLANG_WARN_EMPTY_BODY = YES;
				CLANG_WARN_ENUM_CONVERSION = YES;
				CLANG_WARN_INFINITE_RECURSION = YES;
				CLANG_WARN_INT_CONVERSION = YES;
				CLANG_WARN_OBJC_ROOT_CLASS = YES_ERROR;
				CLANG_WARN_SUSPICIOUS_MOVES = YES;
				CLANG_WARN_UNREACHABLE_CODE = YES;
				CLANG_WARN__DUPLICATE_METHOD_MATCH = YES;
				"CODE_SIGN_IDENTITY[sdk=iphoneos*]" = "iPhone Developer";
				COPY_PHASE_STRIP = NO;
				DEBUG_INFORMATION_FORMAT = dwarf;
				ENABLE_STRICT_OBJC_MSGSEND = YES;
				ENABLE_TESTABILITY = YES;
				GCC_C_LANGUAGE_STANDARD = gnu99;
				GCC_DYNAMIC_NO_PIC = NO;
				GCC_NO_COMMON_BLOCKS = YES;
				GCC_OPTIMIZATION_LEVEL = 0;
				GCC_PREPROCESSOR_DEFINITIONS = (
					"DEBUG=1",
					"$(inherited)",
				);
				GCC_WARN_64_TO_32_BIT_CONVERSION = YES;
				GCC_WARN_ABOUT_RETURN_TYPE = YES_ERROR;
				GCC_WARN_UNDECLARED_SELECTOR = YES;
				GCC_WARN_UNINITIALIZED_AUTOS = YES_AGGRESSIVE;
				GCC_WARN_UNUSED_FUNCTION = YES;
				GCC_WARN_UNUSED_VARIABLE = YES;
				IPHONEOS_DEPLOYMENT_TARGET = 10.0;
				MTL_ENABLE_DEBUG_INFO = YES;
				ONLY_ACTIVE_ARCH = YES;
				SDKROOT = iphoneos;
				SWIFT_ACTIVE_COMPILATION_CONDITIONS = DEBUG;
				SWIFT_OPTIMIZATION_LEVEL = "-Onone";
				TARGETED_DEVICE_FAMILY = "1,2";
			};
			name = Debug;
		};
		6FA93D391DC283F300C8DA70 /* Release */ = {
			isa = XCBuildConfiguration;
			buildSettings = {
				ALWAYS_SEARCH_USER_PATHS = NO;
				CLANG_ANALYZER_NONNULL = YES;
				CLANG_CXX_LANGUAGE_STANDARD = "gnu++0x";
				CLANG_CXX_LIBRARY = "libc++";
				CLANG_ENABLE_MODULES = YES;
				CLANG_ENABLE_OBJC_ARC = YES;
				CLANG_WARN_BOOL_CONVERSION = YES;
				CLANG_WARN_CONSTANT_CONVERSION = YES;
				CLANG_WARN_DIRECT_OBJC_ISA_USAGE = YES_ERROR;
				CLANG_WARN_DOCUMENTATION_COMMENTS = YES;
				CLANG_WARN_EMPTY_BODY = YES;
				CLANG_WARN_ENUM_CONVERSION = YES;
				CLANG_WARN_INFINITE_RECURSION = YES;
				CLANG_WARN_INT_CONVERSION = YES;
				CLANG_WARN_OBJC_ROOT_CLASS = YES_ERROR;
				CLANG_WARN_SUSPICIOUS_MOVES = YES;
				CLANG_WARN_UNREACHABLE_CODE = YES;
				CLANG_WARN__DUPLICATE_METHOD_MATCH = YES;
				"CODE_SIGN_IDENTITY[sdk=iphoneos*]" = "iPhone Developer";
				COPY_PHASE_STRIP = NO;
				DEBUG_INFORMATION_FORMAT = "dwarf-with-dsym";
				ENABLE_NS_ASSERTIONS = NO;
				ENABLE_STRICT_OBJC_MSGSEND = YES;
				GCC_C_LANGUAGE_STANDARD = gnu99;
				GCC_NO_COMMON_BLOCKS = YES;
				GCC_WARN_64_TO_32_BIT_CONVERSION = YES;
				GCC_WARN_ABOUT_RETURN_TYPE = YES_ERROR;
				GCC_WARN_UNDECLARED_SELECTOR = YES;
				GCC_WARN_UNINITIALIZED_AUTOS = YES_AGGRESSIVE;
				GCC_WARN_UNUSED_FUNCTION = YES;
				GCC_WARN_UNUSED_VARIABLE = YES;
				IPHONEOS_DEPLOYMENT_TARGET = 10.0;
				MTL_ENABLE_DEBUG_INFO = NO;
				SDKROOT = iphoneos;
				SWIFT_OPTIMIZATION_LEVEL = "-Owholemodule";
				TARGETED_DEVICE_FAMILY = "1,2";
				VALIDATE_PRODUCT = YES;
			};
			name = Release;
		};
		6FA93D3B1DC283F300C8DA70 /* Debug */ = {
			isa = XCBuildConfiguration;
			buildSettings = {
				ASSETCATALOG_COMPILER_APPICON_NAME = AppIcon;
				INFOPLIST_FILE = FirstApp/Info.plist;
				LD_RUNPATH_SEARCH_PATHS = "$(inherited) @executable_path/Frameworks";
				PRODUCT_BUNDLE_IDENTIFIER = Harris.FirstApp;
				PRODUCT_NAME = "$(TARGET_NAME)";
				SWIFT_VERSION = 3.0;
			};
			name = Debug;
		};
		6FA93D3C1DC283F300C8DA70 /* Release */ = {
			isa = XCBuildConfiguration;
			buildSettings = {
				ASSETCATALOG_COMPILER_APPICON_NAME = AppIcon;
				INFOPLIST_FILE = FirstApp/Info.plist;
				LD_RUNPATH_SEARCH_PATHS = "$(inherited) @executable_path/Frameworks";
				PRODUCT_BUNDLE_IDENTIFIER = Harris.FirstApp;
				PRODUCT_NAME = "$(TARGET_NAME)";
				SWIFT_VERSION = 3.0;
			};
			name = Release;
		};
		6FA93D3E1DC283F300C8DA70 /* Debug */ = {
			isa = XCBuildConfiguration;
			buildSettings = {
				ALWAYS_EMBED_SWIFT_STANDARD_LIBRARIES = YES;
				BUNDLE_LOADER = "$(TEST_HOST)";
				INFOPLIST_FILE = FirstAppTests/Info.plist;
				LD_RUNPATH_SEARCH_PATHS = "$(inherited) @executable_path/Frameworks @loader_path/Frameworks";
				PRODUCT_BUNDLE_IDENTIFIER = Harris.FirstAppTests;
				PRODUCT_NAME = "$(TARGET_NAME)";
				SWIFT_VERSION = 3.0;
				TEST_HOST = "$(BUILT_PRODUCTS_DIR)/FirstApp.app/FirstApp";
			};
			name = Debug;
		};
		6FA93D3F1DC283F300C8DA70 /* Release */ = {
			isa = XCBuildConfiguration;
			buildSettings = {
				ALWAYS_EMBED_SWIFT_STANDARD_LIBRARIES = YES;
				BUNDLE_LOADER = "$(TEST_HOST)";
				INFOPLIST_FILE = FirstAppTests/Info.plist;
				LD_RUNPATH_SEARCH_PATHS = "$(inherited) @executable_path/Frameworks @loader_path/Frameworks";
				PRODUCT_BUNDLE_IDENTIFIER = Harris.FirstAppTests;
				PRODUCT_NAME = "$(TARGET_NAME)";
				SWIFT_VERSION = 3.0;
				TEST_HOST = "$(BUILT_PRODUCTS_DIR)/FirstApp.app/FirstApp";
			};
			name = Release;
		};
		6FA93D411DC283F300C8DA70 /* Debug */ = {
			isa = XCBuildConfiguration;
			buildSettings = {
				ALWAYS_EMBED_SWIFT_STANDARD_LIBRARIES = YES;
				INFOPLIST_FILE = FirstAppUITests/Info.plist;
				LD_RUNPATH_SEARCH_PATHS = "$(inherited) @executable_path/Frameworks @loader_path/Frameworks";
				PRODUCT_BUNDLE_IDENTIFIER = Harris.FirstAppUITests;
				PRODUCT_NAME = "$(TARGET_NAME)";
				SWIFT_VERSION = 3.0;
				TEST_TARGET_NAME = FirstApp;
			};
			name = Debug;
		};
		6FA93D421DC283F300C8DA70 /* Release */ = {
			isa = XCBuildConfiguration;
			buildSettings = {
				ALWAYS_EMBED_SWIFT_STANDARD_LIBRARIES = YES;
				INFOPLIST_FILE = FirstAppUITests/Info.plist;
				LD_RUNPATH_SEARCH_PATHS = "$(inherited) @executable_path/Frameworks @loader_path/Frameworks";
				PRODUCT_BUNDLE_IDENTIFIER = Harris.FirstAppUITests;
				PRODUCT_NAME = "$(TARGET_NAME)";
				SWIFT_VERSION = 3.0;
				TEST_TARGET_NAME = FirstApp;
			};
			name = Release;
		};
/* End XCBuildConfiguration section */

/* Begin XCConfigurationList section */
		6FA93D0D1DC283F300C8DA70 /* Build configuration list for PBXProject "FirstApp" */ = {
			isa = XCConfigurationList;
			buildConfigurations = (
				6FA93D381DC283F300C8DA70 /* Debug */,
				6FA93D391DC283F300C8DA70 /* Release */,
			);
			defaultConfigurationIsVisible = 0;
			defaultConfigurationName = Release;
		};
		6FA93D3A1DC283F300C8DA70 /* Build configuration list for PBXNativeTarget "FirstApp" */ = {
			isa = XCConfigurationList;
			buildConfigurations = (
				6FA93D3B1DC283F300C8DA70 /* Debug */,
				6FA93D3C1DC283F300C8DA70 /* Release */,
			);
			defaultConfigurationIsVisible = 0;
		};
		6FA93D3D1DC283F300C8DA70 /* Build configuration list for PBXNativeTarget "FirstAppTests" */ = {
			isa = XCConfigurationList;
			buildConfigurations = (
				6FA93D3E1DC283F300C8DA70 /* Debug */,
				6FA93D3F1DC283F300C8DA70 /* Release */,
			);
			defaultConfigurationIsVisible = 0;
		};
		6FA93D401DC283F300C8DA70 /* Build configuration list for PBXNativeTarget "FirstAppUITests" */ = {
			isa = XCConfigurationList;
			buildConfigurations = (
				6FA93D411DC283F300C8DA70 /* Debug */,
				6FA93D421DC283F300C8DA70 /* Release */,
			);
			defaultConfigurationIsVisible = 0;
		};
/* End XCConfigurationList section */
	};
	rootObject = 6FA93D0A1DC283F300C8DA70 /* Project object */;
}
